
Microsoft Visual Studio Solution File, Format Version 12.00
# Visual Studio Version 17
VisualStudioVersion = 17.3.32929.385
MinimumVisualStudioVersion = 10.0.40219.1
Project("{FAE04EC0-301F-11D3-BF4B-00C04F79EFBC}") = "Project1", "Project1.csproj", "{F50A5D8E-581B-43C9-AB0E-41C474D5B9BD}"
EndProject
Project("{FAE04EC0-301F-11D3-BF4B-00C04F79EFBC}") = "Project2", "..\Project2\Project2.csproj", "{BDDAA5DD-4C02-41DF-B5CF-3C6249C9EE59}"
EndProject
Project("{FAE04EC0-301F-11D3-BF4B-00C04F79EFBC}") = "Project3", "..\Project3\Project3.csproj", "{258789CC-1EC9-4748-B09C-619B6A2C7834}"
EndProject
Project("{FAE04EC0-301F-11D3-BF4B-00C04F79EFBC}") = "Project1Tests", "..\Project1Tests\Project1Tests.csproj", "{D57594D9-FD77-43CF-BF27-70F02734E9C6}"
EndProject
Global
	GlobalSection(SolutionConfigurationPlatforms) = preSolution
		Debug|Any CPU = Debug|Any CPU
		Release|Any CPU = Release|Any CPU
	EndGlobalSection
	GlobalSection(ProjectConfigurationPlatforms) = postSolution
		{F50A5D8E-581B-43C9-AB0E-41C474D5B9BD}.Debug|Any CPU.ActiveCfg = Debug|Any CPU
		{F50A5D8E-581B-43C9-AB0E-41C474D5B9BD}.Debug|Any CPU.Build.0 = Debug|Any CPU
		{F50A5D8E-581B-43C9-AB0E-41C474D5B9BD}.Release|Any CPU.ActiveCfg = Release|Any CPU
		{F50A5D8E-581B-43C9-AB0E-41C474D5B9BD}.Release|Any CPU.Build.0 = Release|Any CPU
		{BDDAA5DD-4C02-41DF-B5CF-3C6249C9EE59}.Debug|Any CPU.ActiveCfg = Debug|Any CPU
		{BDDAA5DD-4C02-41DF-B5CF-3C6249C9EE59}.Debug|Any CPU.Build.0 = Debug|Any CPU
		{BDDAA5DD-4C02-41DF-B5CF-3C6249C9EE59}.Release|Any CPU.ActiveCfg = Release|Any CPU
		{BDDAA5DD-4C02-41DF-B5CF-3C6249C9EE59}.Release|Any CPU.Build.0 = Release|Any CPU
		{258789CC-1EC9-4748-B09C-619B6A2C7834}.Debug|Any CPU.ActiveCfg = Debug|Any CPU
		{258789CC-1EC9-4748-B09C-619B6A2C7834}.Debug|Any CPU.Build.0 = Debug|Any CPU
		{258789CC-1EC9-4748-B09C-619B6A2C7834}.Release|Any CPU.ActiveCfg = Release|Any CPU
		{258789CC-1EC9-4748-B09C-619B6A2C7834}.Release|Any CPU.Build.0 = Release|Any CPU
		{D57594D9-FD77-43CF-BF27-70F02734E9C6}.Debug|Any CPU.ActiveCfg = Debug|Any CPU
		{D57594D9-FD77-43CF-BF27-70F02734E9C6}.Debug|Any CPU.Build.0 = Debug|Any CPU
		{D57594D9-FD77-43CF-BF27-70F02734E9C6}.Release|Any CPU.ActiveCfg = Release|Any CPU
		{D57594D9-FD77-43CF-BF27-70F02734E9C6}.Release|Any CPU.Build.0 = Release|Any CPU
	EndGlobalSection
	GlobalSection(SolutionProperties) = preSolution
		HideSolutionNode = FALSE
	EndGlobalSection
	GlobalSection(ExtensibilityGlobals) = postSolution
		SolutionGuid = {ADEB0D1F-D4FA-4015-BB60-CE1DF7040EEA}
	EndGlobalSection
EndGlobal
