
Microsoft Visual Studio Solution File, Format Version 12.00
# Visual Studio Version 17
VisualStudioVersion = 17.5.002.0
MinimumVisualStudioVersion = 10.0.40219.1
Project("{9A19103F-16F7-4668-BE54-9A1E7A4F7556}") = "asyncRequest", "asyncRequest.csproj", "{6DAC0069-1EDE-433D-AC42-74DA3853B33E}"
EndProject
Project("{FAE04EC0-301F-11D3-BF4B-00C04F79EFBC}") = "Sync", "..\..\Sync\Sync\Sync.csproj", "{3149CAFF-08A2-44D8-98CF-1EDE284BB540}"
EndProject
Global
	GlobalSection(SolutionConfigurationPlatforms) = preSolution
		Debug|Any CPU = Debug|Any CPU
		Release|Any CPU = Release|Any CPU
	EndGlobalSection
	GlobalSection(ProjectConfigurationPlatforms) = postSolution
		{6DAC0069-1EDE-433D-AC42-74DA3853B33E}.Debug|Any CPU.ActiveCfg = Debug|Any CPU
		{6DAC0069-1EDE-433D-AC42-74DA3853B33E}.Debug|Any CPU.Build.0 = Debug|Any CPU
		{6DAC0069-1EDE-433D-AC42-74DA3853B33E}.Release|Any CPU.ActiveCfg = Release|Any CPU
		{6DAC0069-1EDE-433D-AC42-74DA3853B33E}.Release|Any CPU.Build.0 = Release|Any CPU
		{3149CAFF-08A2-44D8-98CF-1EDE284BB540}.Debug|Any CPU.ActiveCfg = Debug|Any CPU
		{3149CAFF-08A2-44D8-98CF-1EDE284BB540}.Debug|Any CPU.Build.0 = Debug|Any CPU
		{3149CAFF-08A2-44D8-98CF-1EDE284BB540}.Release|Any CPU.ActiveCfg = Release|Any CPU
		{3149CAFF-08A2-44D8-98CF-1EDE284BB540}.Release|Any CPU.Build.0 = Release|Any CPU
	EndGlobalSection
	GlobalSection(SolutionProperties) = preSolution
		HideSolutionNode = FALSE
	EndGlobalSection
	GlobalSection(ExtensibilityGlobals) = postSolution
		SolutionGuid = {D8FF763F-BA88-4E8A-BAAC-B402BBC92598}
	EndGlobalSection
EndGlobal
